// !$*UTF8*$!
{
	archiveVersion = 1;
	classes = {
	};
	objectVersion = 55;
	objects = {

/* Begin PBXBuildFile section */
		EB1752D0277DEF21008F649F /* Game.swift in Sources */ = {isa = PBXBuildFile; fileRef = EB1752CF277DEF21008F649F /* Game.swift */; };
		EB1752D3277DEF6C008F649F /* GameRound.swift in Sources */ = {isa = PBXBuildFile; fileRef = EB1752D2277DEF6C008F649F /* GameRound.swift */; };
		EB1752D5277DEF86008F649F /* Generator.swift in Sources */ = {isa = PBXBuildFile; fileRef = EB1752D4277DEF86008F649F /* Generator.swift */; };
		EB7A2CB82737F74200EF6B94 /* AppDelegate.swift in Sources */ = {isa = PBXBuildFile; fileRef = EB7A2CB72737F74200EF6B94 /* AppDelegate.swift */; };
		EB7A2CBA2737F74200EF6B94 /* SceneDelegate.swift in Sources */ = {isa = PBXBuildFile; fileRef = EB7A2CB92737F74200EF6B94 /* SceneDelegate.swift */; };
		EB7A2CBC2737F74200EF6B94 /* StartViewController.swift in Sources */ = {isa = PBXBuildFile; fileRef = EB7A2CBB2737F74200EF6B94 /* StartViewController.swift */; };
		EB7A2CBF2737F74200EF6B94 /* Main.storyboard in Resources */ = {isa = PBXBuildFile; fileRef = EB7A2CBD2737F74200EF6B94 /* Main.storyboard */; };
		EB7A2CC12737F74800EF6B94 /* Assets.xcassets in Resources */ = {isa = PBXBuildFile; fileRef = EB7A2CC02737F74800EF6B94 /* Assets.xcassets */; };
		EB7A2CC42737F74800EF6B94 /* LaunchScreen.storyboard in Resources */ = {isa = PBXBuildFile; fileRef = EB7A2CC22737F74800EF6B94 /* LaunchScreen.storyboard */; };
/* End PBXBuildFile section */

/* Begin PBXFileReference section */
		EB1752CF277DEF21008F649F /* Game.swift */ = {isa = PBXFileReference; lastKnownFileType = sourcecode.swift; path = Game.swift; sourceTree = "<group>"; };
		EB1752D2277DEF6C008F649F /* GameRound.swift */ = {isa = PBXFileReference; lastKnownFileType = sourcecode.swift; path = GameRound.swift; sourceTree = "<group>"; };
		EB1752D4277DEF86008F649F /* Generator.swift */ = {isa = PBXFileReference; lastKnownFileType = sourcecode.swift; path = Generator.swift; sourceTree = "<group>"; };
		EB7A2CB42737F74200EF6B94 /* right on target.app */ = {isa = PBXFileReference; explicitFileType = wrapper.application; includeInIndex = 0; path = "right on target.app"; sourceTree = BUILT_PRODUCTS_DIR; };
		EB7A2CB72737F74200EF6B94 /* AppDelegate.swift */ = {isa = PBXFileReference; lastKnownFileType = sourcecode.swift; path = AppDelegate.swift; sourceTree = "<group>"; };
		EB7A2CB92737F74200EF6B94 /* SceneDelegate.swift */ = {isa = PBXFileReference; lastKnownFileType = sourcecode.swift; path = SceneDelegate.swift; sourceTree = "<group>"; };
		EB7A2CBB2737F74200EF6B94 /* StartViewController.swift */ = {isa = PBXFileReference; lastKnownFileType = sourcecode.swift; path = StartViewController.swift; sourceTree = "<group>"; };
		EB7A2CBE2737F74200EF6B94 /* Base */ = {isa = PBXFileReference; lastKnownFileType = file.storyboard; name = Base; path = Base.lproj/Main.storyboard; sourceTree = "<group>"; };
		EB7A2CC02737F74800EF6B94 /* Assets.xcassets */ = {isa = PBXFileReference; lastKnownFileType = folder.assetcatalog; path = Assets.xcassets; sourceTree = "<group>"; };
		EB7A2CC32737F74800EF6B94 /* Base */ = {isa = PBXFileReference; lastKnownFileType = file.storyboard; name = Base; path = Base.lproj/LaunchScreen.storyboard; sourceTree = "<group>"; };
		EB7A2CC52737F74800EF6B94 /* Info.plist */ = {isa = PBXFileReference; lastKnownFileType = text.plist.xml; path = Info.plist; sourceTree = "<group>"; };
/* End PBXFileReference section */

/* Begin PBXFrameworksBuildPhase section */
		EB7A2CB12737F74200EF6B94 /* Frameworks */ = {
			isa = PBXFrameworksBuildPhase;
			buildActionMask = 2147483647;
			files = (
			);
			runOnlyForDeploymentPostprocessing = 0;
		};
/* End PBXFrameworksBuildPhase section */

/* Begin PBXGroup section */
		EB1752D1277DEF36008F649F /* Model */ = {
			isa = PBXGroup;
			children = (
				EB1752CF277DEF21008F649F /* Game.swift */,
				EB1752D2277DEF6C008F649F /* GameRound.swift */,
				EB1752D4277DEF86008F649F /* Generator.swift */,
			);
			path = Model;
			sourceTree = "<group>";
		};
		EB7A2CAB2737F74200EF6B94 = {
			isa = PBXGroup;
			children = (
				EB7A2CB62737F74200EF6B94 /* right on target */,
				EB7A2CB52737F74200EF6B94 /* Products */,
			);
			sourceTree = "<group>";
		};
		EB7A2CB52737F74200EF6B94 /* Products */ = {
			isa = PBXGroup;
			children = (
				EB7A2CB42737F74200EF6B94 /* right on target.app */,
			);
			name = Products;
			sourceTree = "<group>";
		};
		EB7A2CB62737F74200EF6B94 /* right on target */ = {
			isa = PBXGroup;
			children = (
				EB1752D1277DEF36008F649F /* Model */,
				EB7A2CB92737F74200EF6B94 /* SceneDelegate.swift */,
				EB7A2CB72737F74200EF6B94 /* AppDelegate.swift */,
				EB7A2CBB2737F74200EF6B94 /* StartViewController.swift */,
				EB7A2CBD2737F74200EF6B94 /* Main.storyboard */,
				EB7A2CC02737F74800EF6B94 /* Assets.xcassets */,
				EB7A2CC22737F74800EF6B94 /* LaunchScreen.storyboard */,
				EB7A2CC52737F74800EF6B94 /* Info.plist */,
			);
			path = "right on target";
			sourceTree = "<group>";
		};
/* End PBXGroup section */

/* Begin PBXNativeTarget section */
		EB7A2CB32737F74200EF6B94 /* right on target */ = {
			isa = PBXNativeTarget;
			buildConfigurationList = EB7A2CC82737F74800EF6B94 /* Build configuration list for PBXNativeTarget "right on target" */;
			buildPhases = (
				EB7A2CB02737F74200EF6B94 /* Sources */,
				EB7A2CB12737F74200EF6B94 /* Frameworks */,
				EB7A2CB22737F74200EF6B94 /* Resources */,
			);
			buildRules = (
			);
			dependencies = (
			);
			name = "right on target";
			productName = "right on target";
			productReference = EB7A2CB42737F74200EF6B94 /* right on target.app */;
			productType = "com.apple.product-type.application";
		};
/* End PBXNativeTarget section */

/* Begin PBXProject section */
		EB7A2CAC2737F74200EF6B94 /* Project object */ = {
			isa = PBXProject;
			attributes = {
				BuildIndependentTargetsInParallel = 1;
				LastSwiftUpdateCheck = 1310;
				LastUpgradeCheck = 1310;
				TargetAttributes = {
					EB7A2CB32737F74200EF6B94 = {
						CreatedOnToolsVersion = 13.1;
					};
				};
			};
			buildConfigurationList = EB7A2CAF2737F74200EF6B94 /* Build configuration list for PBXProject "right on target" */;
			compatibilityVersion = "Xcode 13.0";
			developmentRegion = en;
			hasScannedForEncodings = 0;
			knownRegions = (
				en,
				Base,
			);
			mainGroup = EB7A2CAB2737F74200EF6B94;
			productRefGroup = EB7A2CB52737F74200EF6B94 /* Products */;
			projectDirPath = "";
			projectRoot = "";
			targets = (
				EB7A2CB32737F74200EF6B94 /* right on target */,
			);
		};
/* End PBXProject section */

/* Begin PBXResourcesBuildPhase section */
		EB7A2CB22737F74200EF6B94 /* Resources */ = {
			isa = PBXResourcesBuildPhase;
			buildActionMask = 2147483647;
			files = (
				EB7A2CC42737F74800EF6B94 /* LaunchScreen.storyboard in Resources */,
				EB7A2CC12737F74800EF6B94 /* Assets.xcassets in Resources */,
				EB7A2CBF2737F74200EF6B94 /* Main.storyboard in Resources */,
			);
			runOnlyForDeploymentPostprocessing = 0;
		};
/* End PBXResourcesBuildPhase section */

/* Begin PBXSourcesBuildPhase section */
		EB7A2CB02737F74200EF6B94 /* Sources */ = {
			isa = PBXSourcesBuildPhase;
			buildActionMask = 2147483647;
			files = (
				EB7A2CBC2737F74200EF6B94 /* StartViewController.swift in Sources */,
				EB7A2CB82737F74200EF6B94 /* AppDelegate.swift in Sources */,
				EB7A2CBA2737F74200EF6B94 /* SceneDelegate.swift in Sources */,
				EB1752D5277DEF86008F649F /* Generator.swift in Sources */,
				EB1752D3277DEF6C008F649F /* GameRound.swift in Sources */,
				EB1752D0277DEF21008F649F /* Game.swift in Sources */,
			);
			runOnlyForDeploymentPostprocessing = 0;
		};
/* End PBXSourcesBuildPhase section */

/* Begin PBXVariantGroup section */
		EB7A2CBD2737F74200EF6B94 /* Main.storyboard */ = {
			isa = PBXVariantGroup;
			children = (
				EB7A2CBE2737F74200EF6B94 /* Base */,
			);
			name = Main.storyboard;
			sourceTree = "<group>";
		};
		EB7A2CC22737F74800EF6B94 /* LaunchScreen.storyboard */ = {
			isa = PBXVariantGroup;
			children = (
				EB7A2CC32737F74800EF6B94 /* Base */,
			);
			name = LaunchScreen.storyboard;
			sourceTree = "<group>";
		};
/* End PBXVariantGroup section */

/* Begin XCBuildConfiguration section */
		EB7A2CC62737F74800EF6B94 /* Debug */ = {
			isa = XCBuildConfiguration;
			buildSettings = {
				ALWAYS_SEARCH_USER_PATHS = NO;
				CLANG_ANALYZER_NONNULL = YES;
				CLANG_ANALYZER_NUMBER_OBJECT_CONVERSION = YES_AGGRESSIVE;
				CLANG_CXX_LANGUAGE_STANDARD = "gnu++17";
				CLANG_CXX_LIBRARY = "libc++";
				CLANG_ENABLE_MODULES = YES;
				CLANG_ENABLE_OBJC_ARC = YES;
				CLANG_ENABLE_OBJC_WEAK = YES;
				CLANG_WARN_BLOCK_CAPTURE_AUTORELEASING = YES;
				CLANG_WARN_BOOL_CONVERSION = YES;
				CLANG_WARN_COMMA = YES;
				CLANG_WARN_CONSTANT_CONVERSION = YES;
				CLANG_WARN_DEPRECATED_OBJC_IMPLEMENTATIONS = YES;
				CLANG_WARN_DIRECT_OBJC_ISA_USAGE = YES_ERROR;
				CLANG_WARN_DOCUMENTATION_COMMENTS = YES;
				CLANG_WARN_EMPTY_BODY = YES;
				CLANG_WARN_ENUM_CONVERSION = YES;
				CLANG_WARN_INFINITE_RECURSION = YES;
				CLANG_WARN_INT_CONVERSION = YES;
				CLANG_WARN_NON_LITERAL_NULL_CONVERSION = YES;
				CLANG_WARN_OBJC_IMPLICIT_RETAIN_SELF = YES;
				CLANG_WARN_OBJC_LITERAL_CONVERSION = YES;
				CLANG_WARN_OBJC_ROOT_CLASS = YES_ERROR;
				CLANG_WARN_QUOTED_INCLUDE_IN_FRAMEWORK_HEADER = YES;
				CLANG_WARN_RANGE_LOOP_ANALYSIS = YES;
				CLANG_WARN_STRICT_PROTOTYPES = YES;
				CLANG_WARN_SUSPICIOUS_MOVE = YES;
				CLANG_WARN_UNGUARDED_AVAILABILITY = YES_AGGRESSIVE;
				CLANG_WARN_UNREACHABLE_CODE = YES;
				CLANG_WARN__DUPLICATE_METHOD_MATCH = YES;
				COPY_PHASE_STRIP = NO;
				DEBUG_INFORMATION_FORMAT = dwarf;
				ENABLE_STRICT_OBJC_MSGSEND = YES;
				ENABLE_TESTABILITY = YES;
				GCC_C_LANGUAGE_STANDARD = gnu11;
				GCC_DYNAMIC_NO_PIC = NO;
				GCC_NO_COMMON_BLOCKS = YES;
				GCC_OPTIMIZATION_LEVEL = 0;
				GCC_PREPROCESSOR_DEFINITIONS = (
					"DEBUG=1",
					"$(inherited)",
				);
				GCC_WARN_64_TO_32_BIT_CONVERSION = YES;
				GCC_WARN_ABOUT_RETURN_TYPE = YES_ERROR;
				GCC_WARN_UNDECLARED_SELECTOR = YES;
				GCC_WARN_UNINITIALIZED_AUTOS = YES_AGGRESSIVE;
				GCC_WARN_UNUSED_FUNCTION = YES;
				GCC_WARN_UNUSED_VARIABLE = YES;
				IPHONEOS_DEPLOYMENT_TARGET = 15.0;
				MTL_ENABLE_DEBUG_INFO = INCLUDE_SOURCE;
				MTL_FAST_MATH = YES;
				ONLY_ACTIVE_ARCH = YES;
				SDKROOT = iphoneos;
				SWIFT_ACTIVE_COMPILATION_CONDITIONS = DEBUG;
				SWIFT_OPTIMIZATION_LEVEL = "-Onone";
			};
			name = Debug;
		};
		EB7A2CC72737F74800EF6B94 /* Release */ = {
			isa = XCBuildConfiguration;
			buildSettings = {
				ALWAYS_SEARCH_USER_PATHS = NO;
				CLANG_ANALYZER_NONNULL = YES;
				CLANG_ANALYZER_NUMBER_OBJECT_CONVERSION = YES_AGGRESSIVE;
				CLANG_CXX_LANGUAGE_STANDARD = "gnu++17";
				CLANG_CXX_LIBRARY = "libc++";
				CLANG_ENABLE_MODULES = YES;
				CLANG_ENABLE_OBJC_ARC = YES;
				CLANG_ENABLE_OBJC_WEAK = YES;
				CLANG_WARN_BLOCK_CAPTURE_AUTORELEASING = YES;
				CLANG_WARN_BOOL_CONVERSION = YES;
				CLANG_WARN_COMMA = YES;
				CLANG_WARN_CONSTANT_CONVERSION = YES;
				CLANG_WARN_DEPRECATED_OBJC_IMPLEMENTATIONS = YES;
				CLANG_WARN_DIRECT_OBJC_ISA_USAGE = YES_ERROR;
				CLANG_WARN_DOCUMENTATION_COMMENTS = YES;
				CLANG_WARN_EMPTY_BODY = YES;
				CLANG_WARN_ENUM_CONVERSION = YES;
				CLANG_WARN_INFINITE_RECURSION = YES;
				CLANG_WARN_INT_CONVERSION = YES;
				CLANG_WARN_NON_LITERAL_NULL_CONVERSION = YES;
				CLANG_WARN_OBJC_IMPLICIT_RETAIN_SELF = YES;
				CLANG_WARN_OBJC_LITERAL_CONVERSION = YES;
				CLANG_WARN_OBJC_ROOT_CLASS = YES_ERROR;
				CLANG_WARN_QUOTED_INCLUDE_IN_FRAMEWORK_HEADER = YES;
				CLANG_WARN_RANGE_LOOP_ANALYSIS = YES;
				CLANG_WARN_STRICT_PROTOTYPES = YES;
				CLANG_WARN_SUSPICIOUS_MOVE = YES;
				CLANG_WARN_UNGUARDED_AVAILABILITY = YES_AGGRESSIVE;
				CLANG_WARN_UNREACHABLE_CODE = YES;
				CLANG_WARN__DUPLICATE_METHOD_MATCH = YES;
				COPY_PHASE_STRIP = NO;
				DEBUG_INFORMATION_FORMAT = "dwarf-with-dsym";
				ENABLE_NS_ASSERTIONS = NO;
				ENABLE_STRICT_OBJC_MSGSEND = YES;
				GCC_C_LANGUAGE_STANDARD = gnu11;
				GCC_NO_COMMON_BLOCKS = YES;
				GCC_WARN_64_TO_32_BIT_CONVERSION = YES;
				GCC_WARN_ABOUT_RETURN_TYPE = YES_ERROR;
				GCC_WARN_UNDECLARED_SELECTOR = YES;
				GCC_WARN_UNINITIALIZED_AUTOS = YES_AGGRESSIVE;
				GCC_WARN_UNUSED_FUNCTION = YES;
				GCC_WARN_UNUSED_VARIABLE = YES;
				IPHONEOS_DEPLOYMENT_TARGET = 15.0;
				MTL_ENABLE_DEBUG_INFO = NO;
				MTL_FAST_MATH = YES;
				SDKROOT = iphoneos;
				SWIFT_COMPILATION_MODE = wholemodule;
				SWIFT_OPTIMIZATION_LEVEL = "-O";
				VALIDATE_PRODUCT = YES;
			};
			name = Release;
		};
		EB7A2CC92737F74800EF6B94 /* Debug */ = {
			isa = XCBuildConfiguration;
			buildSettings = {
				ASSETCATALOG_COMPILER_APPICON_NAME = AppIcon;
				ASSETCATALOG_COMPILER_GLOBAL_ACCENT_COLOR_NAME = AccentColor;
				CODE_SIGN_STYLE = Automatic;
				CURRENT_PROJECT_VERSION = 1;
				DEVELOPMENT_TEAM = QK5DGD2ADV;
				GENERATE_INFOPLIST_FILE = YES;
				INFOPLIST_FILE = "right on target/Info.plist";
				INFOPLIST_KEY_UIApplicationSupportsIndirectInputEvents = YES;
				INFOPLIST_KEY_UILaunchStoryboardName = LaunchScreen;
				INFOPLIST_KEY_UIMainStoryboardFile = Main;
				INFOPLIST_KEY_UISupportedInterfaceOrientations = "UIInterfaceOrientationLandscapeRight UIInterfaceOrientationLandscapeLeft";
				INFOPLIST_KEY_UISupportedInterfaceOrientations_iPad = "UIInterfaceOrientationPortrait UIInterfaceOrientationPortraitUpsideDown UIInterfaceOrientationLandscapeLeft UIInterfaceOrientationLandscapeRight";
				INFOPLIST_KEY_UISupportedInterfaceOrientations_iPhone = "UIInterfaceOrientationPortrait UIInterfaceOrientationLandscapeLeft UIInterfaceOrientationLandscapeRight";
				IPHONEOS_DEPLOYMENT_TARGET = 14.7;
				LD_RUNPATH_SEARCH_PATHS = (
					"$(inherited)",
					"@executable_path/Frameworks",
				);
				MARKETING_VERSION = 1.3;
				PRODUCT_BUNDLE_IDENTIFIER = "ru.sharubin.right-on-target";
				PRODUCT_NAME = "$(TARGET_NAME)";
				SWIFT_EMIT_LOC_STRINGS = YES;
				SWIFT_VERSION = 5.0;
				TARGETED_DEVICE_FAMILY = "1,2";
			};
			name = Debug;
		};
		EB7A2CCA2737F74800EF6B94 /* Release */ = {
			isa = XCBuildConfiguration;
			buildSettings = {
				ASSETCATALOG_COMPILER_APPICON_NAME = AppIcon;
				ASSETCATALOG_COMPILER_GLOBAL_ACCENT_COLOR_NAME = AccentColor;
				CODE_SIGN_STYLE = Automatic;
				CURRENT_PROJECT_VERSION = 1;
				DEVELOPMENT_TEAM = QK5DGD2ADV;
				GENERATE_INFOPLIST_FILE = YES;
				INFOPLIST_FILE = "right on target/Info.plist";
				INFOPLIST_KEY_UIApplicationSupportsIndirectInputEvents = YES;
				INFOPLIST_KEY_UILaunchStoryboardName = LaunchScreen;
				INFOPLIST_KEY_UIMainStoryboardFile = Main;
				INFOPLIST_KEY_UISupportedInterfaceOrientations = "UIInterfaceOrientationLandscapeRight UIInterfaceOrientationLandscapeLeft";
				INFOPLIST_KEY_UISupportedInterfaceOrientations_iPad = "UIInterfaceOrientationPortrait UIInterfaceOrientationPortraitUpsideDown UIInterfaceOrientationLandscapeLeft UIInterfaceOrientationLandscapeRight";
				INFOPLIST_KEY_UISupportedInterfaceOrientations_iPhone = "UIInterfaceOrientationPortrait UIInterfaceOrientationLandscapeLeft UIInterfaceOrientationLandscapeRight";
				IPHONEOS_DEPLOYMENT_TARGET = 14.7;
				LD_RUNPATH_SEARCH_PATHS = (
					"$(inherited)",
					"@executable_path/Frameworks",
				);
				MARKETING_VERSION = 1.3;
				PRODUCT_BUNDLE_IDENTIFIER = "ru.sharubin.right-on-target";
				PRODUCT_NAME = "$(TARGET_NAME)";
				SWIFT_EMIT_LOC_STRINGS = YES;
				SWIFT_VERSION = 5.0;
				TARGETED_DEVICE_FAMILY = "1,2";
			};
			name = Release;
		};
/* End XCBuildConfiguration section */

/* Begin XCConfigurationList section */
		EB7A2CAF2737F74200EF6B94 /* Build configuration list for PBXProject "right on target" */ = {
			isa = XCConfigurationList;
			buildConfigurations = (
				EB7A2CC62737F74800EF6B94 /* Debug */,
				EB7A2CC72737F74800EF6B94 /* Release */,
			);
			defaultConfigurationIsVisible = 0;
			defaultConfigurationName = Release;
		};
		EB7A2CC82737F74800EF6B94 /* Build configuration list for PBXNativeTarget "right on target" */ = {
			isa = XCConfigurationList;
			buildConfigurations = (
				EB7A2CC92737F74800EF6B94 /* Debug */,
				EB7A2CCA2737F74800EF6B94 /* Release */,
			);
			defaultConfigurationIsVisible = 0;
			defaultConfigurationName = Release;
		};
/* End XCConfigurationList section */
	};
	rootObject = EB7A2CAC2737F74200EF6B94 /* Project object */;
}
